<?xml version="1.0" encoding="utf-8"?>
<Project ToolsVersion="17.0" xmlns="http://schemas.microsoft.com/developer/msbuild/2003">
  <ItemGroup>
    <ClCompile Include="F:\repos\mp-lab6\postfix\stack\src\stub.cpp">
      <Filter>Source Files</Filter>
    </ClCompile>
  </ItemGroup>
  <ItemGroup>
    <ClInclude Include="F:\repos\mp-lab6\postfix\stack\include\MyStack.h">
      <Filter>Header Files</Filter>
    </ClInclude>
    <ClInclude Include="F:\repos\mp-lab6\postfix\stack\src\MyStack.hpp">
      <Filter>Header Files</Filter>
    </ClInclude>
  </ItemGroup>
  <ItemGroup>
    <CustomBuild Include="F:\repos\mp-lab6\postfix\stack\src\CMakeLists.txt" />
  </ItemGroup>
  <ItemGroup>
    <Filter Include="Header Files">
      <UniqueIdentifier>{AE4328AB-AF54-3712-A661-83D9C896896B}</UniqueIdentifier>
    </Filter>
    <Filter Include="Source Files">
      <UniqueIdentifier>{9C955806-E3CE-32BC-BF76-8442A0D718C0}</UniqueIdentifier>
    </Filter>
  </ItemGroup>
</Project>
