<?xml version="1.0" encoding="utf-8"?>
<Project ToolsVersion="17.0" xmlns="http://schemas.microsoft.com/developer/msbuild/2003">
  <ItemGroup>
    <CustomBuild Include="F:\repos\mp-lab6\build\CMakeFiles\dc4f691c55c1b4a0b86cb147a7d55cca\RUN_TESTS_force.rule">
      <Filter>CMake Rules</Filter>
    </CustomBuild>
  </ItemGroup>
  <ItemGroup>
    <Filter Include="CMake Rules">
      <UniqueIdentifier>{59223811-608A-316D-B2B8-E8721942237C}</UniqueIdentifier>
    </Filter>
  </ItemGroup>
</Project>
