<?xml version="1.0" encoding="utf-8"?>
<Project ToolsVersion="17.0" xmlns="http://schemas.microsoft.com/developer/msbuild/2003">
  <ItemGroup>
    <ClCompile Include="F:\repos\mp-lab6\postfix\test\test_expression.cpp">
      <Filter>Source Files</Filter>
    </ClCompile>
    <ClCompile Include="F:\repos\mp-lab6\postfix\test\test_main.cpp">
      <Filter>Source Files</Filter>
    </ClCompile>
  </ItemGroup>
  <ItemGroup>
    <CustomBuild Include="F:\repos\mp-lab6\postfix\test\CMakeLists.txt" />
  </ItemGroup>
  <ItemGroup>
    <Filter Include="Source Files">
      <UniqueIdentifier>{9C955806-E3CE-32BC-BF76-8442A0D718C0}</UniqueIdentifier>
    </Filter>
  </ItemGroup>
</Project>
